
Microsoft Visual Studio Solution File, Format Version 12.00
# Visual Studio Version 16
VisualStudioVersion = 16.0.31410.357
MinimumVisualStudioVersion = 10.0.40219.1
Project("{FAE04EC0-301F-11D3-BF4B-00C04F79EFBC}") = "WebApi-HandsOn2", "WebApi-HandsOn2.csproj", "{8F57CB3C-449D-4D64-B19C-440EACE544EA}"
EndProject
Global
	GlobalSection(SolutionConfigurationPlatforms) = preSolution
		Debug|Any CPU = Debug|Any CPU
		Release|Any CPU = Release|Any CPU
	EndGlobalSection
	GlobalSection(ProjectConfigurationPlatforms) = postSolution
		{8F57CB3C-449D-4D64-B19C-440EACE544EA}.Debug|Any CPU.ActiveCfg = Debug|Any CPU
		{8F57CB3C-449D-4D64-B19C-440EACE544EA}.Debug|Any CPU.Build.0 = Debug|Any CPU
		{8F57CB3C-449D-4D64-B19C-440EACE544EA}.Release|Any CPU.ActiveCfg = Release|Any CPU
		{8F57CB3C-449D-4D64-B19C-440EACE544EA}.Release|Any CPU.Build.0 = Release|Any CPU
	EndGlobalSection
	GlobalSection(SolutionProperties) = preSolution
		HideSolutionNode = FALSE
	EndGlobalSection
	GlobalSection(ExtensibilityGlobals) = postSolution
		SolutionGuid = {466C64C3-1649-46AB-A18A-433A37493339}
	EndGlobalSection
EndGlobal
