
Microsoft Visual Studio Solution File, Format Version 12.00
# Visual Studio Version 16
VisualStudioVersion = 16.0.31410.357
MinimumVisualStudioVersion = 10.0.40219.1
Project("{9A19103F-16F7-4668-BE54-9A1E7A4F7556}") = "AsyncAwaitUsage2", "AsyncAwaitUsage2.csproj", "{7BE1BAA5-10F1-40DC-BAFE-A10B38C2AAE8}"
EndProject
Global
	GlobalSection(SolutionConfigurationPlatforms) = preSolution
		Debug|Any CPU = Debug|Any CPU
		Release|Any CPU = Release|Any CPU
	EndGlobalSection
	GlobalSection(ProjectConfigurationPlatforms) = postSolution
		{7BE1BAA5-10F1-40DC-BAFE-A10B38C2AAE8}.Debug|Any CPU.ActiveCfg = Debug|Any CPU
		{7BE1BAA5-10F1-40DC-BAFE-A10B38C2AAE8}.Debug|Any CPU.Build.0 = Debug|Any CPU
		{7BE1BAA5-10F1-40DC-BAFE-A10B38C2AAE8}.Release|Any CPU.ActiveCfg = Release|Any CPU
		{7BE1BAA5-10F1-40DC-BAFE-A10B38C2AAE8}.Release|Any CPU.Build.0 = Release|Any CPU
	EndGlobalSection
	GlobalSection(SolutionProperties) = preSolution
		HideSolutionNode = FALSE
	EndGlobalSection
	GlobalSection(ExtensibilityGlobals) = postSolution
		SolutionGuid = {24371FAC-FB40-4003-BFC4-C076C91D57A6}
	EndGlobalSection
EndGlobal
